
Microsoft Visual Studio Solution File, Format Version 12.00
# Visual Studio Version 17
VisualStudioVersion = 17.0.31903.59
MinimumVisualStudioVersion = 10.0.40219.1
Project("{FAE04EC0-301F-11D3-BF4B-00C04F79EFBC}") = "Api", "Api\Api.csproj", "{6997E26D-43BB-4951-9D33-D83D0F2859D6}"
EndProject
Project("{FAE04EC0-301F-11D3-BF4B-00C04F79EFBC}") = "Core", "Core\Core.csproj", "{93F0F30C-36CC-4050-9210-500C8E2F7567}"
EndProject
Project("{FAE04EC0-301F-11D3-BF4B-00C04F79EFBC}") = "Infrastructure", "Infrastructure\Infrastructure.csproj", "{DD849779-6D5D-42BF-835B-B4B9509FB89A}"
EndProject
Global
	GlobalSection(SolutionConfigurationPlatforms) = preSolution
		Debug|Any CPU = Debug|Any CPU
		Release|Any CPU = Release|Any CPU
	EndGlobalSection
	GlobalSection(SolutionProperties) = preSolution
		HideSolutionNode = FALSE
	EndGlobalSection
	GlobalSection(ProjectConfigurationPlatforms) = postSolution
		{6997E26D-43BB-4951-9D33-D83D0F2859D6}.Debug|Any CPU.ActiveCfg = Debug|Any CPU
		{6997E26D-43BB-4951-9D33-D83D0F2859D6}.Debug|Any CPU.Build.0 = Debug|Any CPU
		{6997E26D-43BB-4951-9D33-D83D0F2859D6}.Release|Any CPU.ActiveCfg = Release|Any CPU
		{6997E26D-43BB-4951-9D33-D83D0F2859D6}.Release|Any CPU.Build.0 = Release|Any CPU
		{93F0F30C-36CC-4050-9210-500C8E2F7567}.Debug|Any CPU.ActiveCfg = Debug|Any CPU
		{93F0F30C-36CC-4050-9210-500C8E2F7567}.Debug|Any CPU.Build.0 = Debug|Any CPU
		{93F0F30C-36CC-4050-9210-500C8E2F7567}.Release|Any CPU.ActiveCfg = Release|Any CPU
		{93F0F30C-36CC-4050-9210-500C8E2F7567}.Release|Any CPU.Build.0 = Release|Any CPU
		{DD849779-6D5D-42BF-835B-B4B9509FB89A}.Debug|Any CPU.ActiveCfg = Debug|Any CPU
		{DD849779-6D5D-42BF-835B-B4B9509FB89A}.Debug|Any CPU.Build.0 = Debug|Any CPU
		{DD849779-6D5D-42BF-835B-B4B9509FB89A}.Release|Any CPU.ActiveCfg = Release|Any CPU
		{DD849779-6D5D-42BF-835B-B4B9509FB89A}.Release|Any CPU.Build.0 = Release|Any CPU
	EndGlobalSection
EndGlobal
